
Microsoft Visual Studio Solution File, Format Version 12.00
# Visual Studio Version 17
VisualStudioVersion = 17.13.35931.197 d17.13
MinimumVisualStudioVersion = 10.0.40219.1
Project("{FAE04EC0-301F-11D3-BF4B-00C04F79EFBC}") = "QuanLyNghiPhep.WebApp", "QuanLyNghiPhep.WebApp\QuanLyNghiPhep.WebApp.csproj", "{1362BAEC-4041-4BF1-B1FE-85FEB5B580C8}"
EndProject
Global
	GlobalSection(SolutionConfigurationPlatforms) = preSolution
		Debug|Any CPU = Debug|Any CPU
		Release|Any CPU = Release|Any CPU
	EndGlobalSection
	GlobalSection(ProjectConfigurationPlatforms) = postSolution
		{1362BAEC-4041-4BF1-B1FE-85FEB5B580C8}.Debug|Any CPU.ActiveCfg = Debug|Any CPU
		{1362BAEC-4041-4BF1-B1FE-85FEB5B580C8}.Debug|Any CPU.Build.0 = Debug|Any CPU
		{1362BAEC-4041-4BF1-B1FE-85FEB5B580C8}.Release|Any CPU.ActiveCfg = Release|Any CPU
		{1362BAEC-4041-4BF1-B1FE-85FEB5B580C8}.Release|Any CPU.Build.0 = Release|Any CPU
	EndGlobalSection
	GlobalSection(SolutionProperties) = preSolution
		HideSolutionNode = FALSE
	EndGlobalSection
	GlobalSection(ExtensibilityGlobals) = postSolution
		SolutionGuid = {94ED947D-6F6B-4B74-AAD0-97178A30CA60}
	EndGlobalSection
EndGlobal
